#################################################################
## Lenovo Smart Clock Icon
#################################################################
custom_fields:
  icon: >
    [[[
      if (variables.state === 'off') {
        return `
          <svg viewBox="0 0 50 50">           
            <path id="smart_clock" fill="#ffffff" d="M2,47L2,13C2.00331,10.23995,4.23995,8.00331,7,8L57,8C59.76005,8.00331,61.99669,10.23995,62,13L62,47C61.9971,49.41757,60.28073,51.43357,58,51.89888L58,53C58,54.65685,56.65685,56,55,56L9,56C7.34315,56,6,54.65685,6,53L6,51.89888C3.71927,51.43357,2.0029,49.41758,2,47ZM7,10C5.34315,10,4,11.34315,4,13L4,47C4,48.65685,5.34315,50,7,50L57,50C58.65685,50,60,48.65685,60,47L60,13C60,11.34315,58.65685,10,57,10L7,10ZM8,53C8,53.55228,8.44772,54,9,54L55,54C55.55228,54,56,53.55228,56,53L56,52L8,52L8,53ZM53,41L11,41C9.34315,41,8,39.65685,8,38L8,18C8,16.34315,9.34315,15,11,15L53,15C54.65685,15,56,16.34315,56,18L56,38C56,39.65685,54.65685,41,53,41ZM11,17C10.44772,17,10,17.44771,10,18L10,38C10,38.55228,10.44772,39,11,39L53,39C53.55228,39,54,38.55228,54,38L54,18C54,17.44771,53.55228,17,53,17L11,17ZM11.5,48.5C9.84315,48.5,8.5,47.15685,8.5,45.5C8.5,43.84315,9.84315,42.5,11.5,42.5C13.15685,42.5,14.5,43.84315,14.5,45.5C14.5,47.15685,13.15685,48.5,11.5,48.5ZM11.5,44.5C10.94772,44.5,10.5,44.94772,10.5,45.5C10.5,46.05228,10.94772,46.5,11.5,46.5C12.05228,46.5,12.5,46.05228,12.5,45.5C12.5,44.94772,12.05228,44.5,11.5,44.5ZM19.5,48.5C17.84315,48.5,16.5,47.15685,16.5,45.5C16.5,43.84315,17.84315,42.5,19.5,42.5C21.15685,42.5,22.5,43.84315,22.5,45.5C22.5,47.15685,21.15685,48.5,19.5,48.5ZM19.5,44.5C18.94771,44.5,18.5,44.94772,18.5,45.5C18.5,46.05228,18.94771,46.5,19.5,46.5C20.05229,46.5,20.5,46.05228,20.5,45.5C20.5,44.94772,20.05229,44.5,19.5,44.5ZM51.5,46.5L39.5,46.5C38.94772,46.5,38.5,46.05228,38.5,45.5C38.5,44.94772,38.94772,44.5,39.5,44.5L51.5,44.5C52.05228,44.5,52.5,44.94772,52.5,45.5C52.5,46.05228,52.05228,46.5,51.5,46.5Z" transform="matrix(1 0 0 1 -0.75 -7)"/>
          </svg>
        `;
      }
      if (variables.state != 'off') {
        return `
          <svg viewBox="0 0 50 50">           
            <path fill="#9da0a2" d=d="M2,47L2,13C2.00331,10.23995,4.23995,8.00331,7,8L57,8C59.76005,8.00331,61.99669,10.23995,62,13L62,47C61.9971,49.41757,60.28073,51.43357,58,51.89888L58,53C58,54.65685,56.65685,56,55,56L9,56C7.34315,56,6,54.65685,6,53L6,51.89888C3.71927,51.43357,2.0029,49.41758,2,47ZM7,10C5.34315,10,4,11.34315,4,13L4,47C4,48.65685,5.34315,50,7,50L57,50C58.65685,50,60,48.65685,60,47L60,13C60,11.34315,58.65685,10,57,10L7,10ZM8,53C8,53.55228,8.44772,54,9,54L55,54C55.55228,54,56,53.55228,56,53L56,52L8,52L8,53ZM53,41L11,41C9.34315,41,8,39.65685,8,38L8,18C8,16.34315,9.34315,15,11,15L53,15C54.65685,15,56,16.34315,56,18L56,38C56,39.65685,54.65685,41,53,41ZM11,17C10.44772,17,10,17.44771,10,18L10,38C10,38.55228,10.44772,39,11,39L53,39C53.55228,39,54,38.55228,54,38L54,18C54,17.44771,53.55228,17,53,17L11,17ZM11.5,48.5C9.84315,48.5,8.5,47.15685,8.5,45.5C8.5,43.84315,9.84315,42.5,11.5,42.5C13.15685,42.5,14.5,43.84315,14.5,45.5C14.5,47.15685,13.15685,48.5,11.5,48.5ZM11.5,44.5C10.94772,44.5,10.5,44.94772,10.5,45.5C10.5,46.05228,10.94772,46.5,11.5,46.5C12.05228,46.5,12.5,46.05228,12.5,45.5C12.5,44.94772,12.05228,44.5,11.5,44.5ZM19.5,48.5C17.84315,48.5,16.5,47.15685,16.5,45.5C16.5,43.84315,17.84315,42.5,19.5,42.5C21.15685,42.5,22.5,43.84315,22.5,45.5C22.5,47.15685,21.15685,48.5,19.5,48.5ZM19.5,44.5C18.94771,44.5,18.5,44.94772,18.5,45.5C18.5,46.05228,18.94771,46.5,19.5,46.5C20.05229,46.5,20.5,46.05228,20.5,45.5C20.5,44.94772,20.05229,44.5,19.5,44.5ZM51.5,46.5L39.5,46.5C38.94772,46.5,38.5,46.05228,38.5,45.5C38.5,44.94772,38.94772,44.5,39.5,44.5L51.5,44.5C52.05228,44.5,52.5,44.94772,52.5,45.5C52.5,46.05228,52.05228,46.5,51.5,46.5Z" transform="matrix(1 0 0 1 -0.75 -7)"/>
          </svg>
        `;
      }  
    ]]]